
Microsoft Visual Studio Solution File, Format Version 12.00
# Visual Studio Version 17
VisualStudioVersion = 17.5.2.0
MinimumVisualStudioVersion = 10.0.40219.1
Project("{FAE04EC0-301F-11D3-BF4B-00C04F79EFBC}") = "Estructuras de Datos2025", "Estructuras de Datos2025.csproj", "{4CB0719E-25F9-026A-9572-36E9FA15C94C}"
EndProject
Project("{2150E333-8FDC-42A3-9474-1A3956D46DE8}") = "Semana#10", "Semana#10", "{0FF74AA2-0D41-1A01-E4F3-BBA9E413FFE4}"
EndProject
Project("{FAE04EC0-301F-11D3-BF4B-00C04F79EFBC}") = "proyectoVacunacion", "Semana#10\ProyectoVacunación\proyectoVacunacion.csproj", "{651A900F-B3B1-062E-400D-AF7EBD036F2E}"
EndProject
Project("{2150E333-8FDC-42A3-9474-1A3956D46DE8}") = "ProyectoVacunación", "ProyectoVacunación", "{10F4449A-C1CE-8B71-C76C-82390F2B6F5F}"
EndProject
Project("{2150E333-8FDC-42A3-9474-1A3956D46DE8}") = "objetivo", "objetivo", "{4C928E59-2314-646D-5E4F-D05B03C1F23D}"
EndProject
Project("{2150E333-8FDC-42A3-9474-1A3956D46DE8}") = "TAREA SEMANA 10", "TAREA SEMANA 10", "{DB180CEC-8E61-BAE3-F7DF-EE74405F2755}"
EndProject
Project("{2150E333-8FDC-42A3-9474-1A3956D46DE8}") = "ProyectoVacunacion", "ProyectoVacunacion", "{020B2692-B85B-A259-DF0F-CE1D7385EC50}"
EndProject
Project("{2150E333-8FDC-42A3-9474-1A3956D46DE8}") = "ProyectoVacunacion", "ProyectoVacunacion", "{8388C01A-2759-9785-A805-7B9677D06D4F}"
EndProject
Project("{2150E333-8FDC-42A3-9474-1A3956D46DE8}") = "obj", "obj", "{3F44CB36-DCB4-300D-3B86-08B7CE27511D}"
EndProject
Project("{2150E333-8FDC-42A3-9474-1A3956D46DE8}") = "TAREA SEMANA 10", "TAREA SEMANA 10", "{3D3E9BF6-0BA8-B449-B4F1-E0878B4B56F7}"
EndProject
Project("{2150E333-8FDC-42A3-9474-1A3956D46DE8}") = "ProyectoVacunacion", "ProyectoVacunacion", "{D5F712A8-1E1E-EF2C-504A-8A828F5DD0DD}"
EndProject
Project("{FAE04EC0-301F-11D3-BF4B-00C04F79EFBC}") = "ProyectoVacunacion", "Semana#10\ProyectoVacunación\objetivo\TAREA SEMANA 10\ProyectoVacunacion\ProyectoVacunacion\obj\TAREA SEMANA 10\ProyectoVacunacion\ProyectoVacunacion\ProyectoVacunacion.csproj", "{F129C28A-E2CE-7EED-E8CB-D87C1F71896B}"
EndProject
Global
	GlobalSection(SolutionConfigurationPlatforms) = preSolution
		Debug|Any CPU = Debug|Any CPU
		Release|Any CPU = Release|Any CPU
	EndGlobalSection
	GlobalSection(ProjectConfigurationPlatforms) = postSolution
		{4CB0719E-25F9-026A-9572-36E9FA15C94C}.Debug|Any CPU.ActiveCfg = Debug|Any CPU
		{4CB0719E-25F9-026A-9572-36E9FA15C94C}.Debug|Any CPU.Build.0 = Debug|Any CPU
		{4CB0719E-25F9-026A-9572-36E9FA15C94C}.Release|Any CPU.ActiveCfg = Release|Any CPU
		{4CB0719E-25F9-026A-9572-36E9FA15C94C}.Release|Any CPU.Build.0 = Release|Any CPU
		{651A900F-B3B1-062E-400D-AF7EBD036F2E}.Debug|Any CPU.ActiveCfg = Debug|Any CPU
		{651A900F-B3B1-062E-400D-AF7EBD036F2E}.Debug|Any CPU.Build.0 = Debug|Any CPU
		{651A900F-B3B1-062E-400D-AF7EBD036F2E}.Release|Any CPU.ActiveCfg = Release|Any CPU
		{651A900F-B3B1-062E-400D-AF7EBD036F2E}.Release|Any CPU.Build.0 = Release|Any CPU
		{F129C28A-E2CE-7EED-E8CB-D87C1F71896B}.Debug|Any CPU.ActiveCfg = Debug|Any CPU
		{F129C28A-E2CE-7EED-E8CB-D87C1F71896B}.Debug|Any CPU.Build.0 = Debug|Any CPU
		{F129C28A-E2CE-7EED-E8CB-D87C1F71896B}.Release|Any CPU.ActiveCfg = Release|Any CPU
		{F129C28A-E2CE-7EED-E8CB-D87C1F71896B}.Release|Any CPU.Build.0 = Release|Any CPU
	EndGlobalSection
	GlobalSection(SolutionProperties) = preSolution
		HideSolutionNode = FALSE
	EndGlobalSection
	GlobalSection(NestedProjects) = preSolution
		{651A900F-B3B1-062E-400D-AF7EBD036F2E} = {0FF74AA2-0D41-1A01-E4F3-BBA9E413FFE4}
		{10F4449A-C1CE-8B71-C76C-82390F2B6F5F} = {0FF74AA2-0D41-1A01-E4F3-BBA9E413FFE4}
		{4C928E59-2314-646D-5E4F-D05B03C1F23D} = {10F4449A-C1CE-8B71-C76C-82390F2B6F5F}
		{DB180CEC-8E61-BAE3-F7DF-EE74405F2755} = {4C928E59-2314-646D-5E4F-D05B03C1F23D}
		{020B2692-B85B-A259-DF0F-CE1D7385EC50} = {DB180CEC-8E61-BAE3-F7DF-EE74405F2755}
		{8388C01A-2759-9785-A805-7B9677D06D4F} = {020B2692-B85B-A259-DF0F-CE1D7385EC50}
		{3F44CB36-DCB4-300D-3B86-08B7CE27511D} = {8388C01A-2759-9785-A805-7B9677D06D4F}
		{3D3E9BF6-0BA8-B449-B4F1-E0878B4B56F7} = {3F44CB36-DCB4-300D-3B86-08B7CE27511D}
		{D5F712A8-1E1E-EF2C-504A-8A828F5DD0DD} = {3D3E9BF6-0BA8-B449-B4F1-E0878B4B56F7}
		{F129C28A-E2CE-7EED-E8CB-D87C1F71896B} = {D5F712A8-1E1E-EF2C-504A-8A828F5DD0DD}
	EndGlobalSection
	GlobalSection(ExtensibilityGlobals) = postSolution
		SolutionGuid = {EE43FBF5-7E04-49ED-8670-1692745A5108}
	EndGlobalSection
EndGlobal
